
Microsoft Visual Studio Solution File, Format Version 12.00
# Visual Studio 15
VisualStudioVersion = 15.0.28307.645
MinimumVisualStudioVersion = 10.0.40219.1
Project("{9A19103F-16F7-4668-BE54-9A1E7A4F7556}") = "AdventOfCode2015", "AdventOfCode2015\AdventOfCode2015.csproj", "{6DFAE2E0-B8FD-49F6-8DE7-E58BB0FD8171}"
EndProject
Project("{9A19103F-16F7-4668-BE54-9A1E7A4F7556}") = "AdventOfCode2015.Tests", "AdventOfCode2015.Tests\AdventOfCode2015.Tests.csproj", "{BAB6E0CB-7660-4D08-823E-9DA8A0E07B0D}"
EndProject
Global
	GlobalSection(SolutionConfigurationPlatforms) = preSolution
		Debug|Any CPU = Debug|Any CPU
		Release|Any CPU = Release|Any CPU
	EndGlobalSection
	GlobalSection(ProjectConfigurationPlatforms) = postSolution
		{6DFAE2E0-B8FD-49F6-8DE7-E58BB0FD8171}.Debug|Any CPU.ActiveCfg = Debug|Any CPU
		{6DFAE2E0-B8FD-49F6-8DE7-E58BB0FD8171}.Debug|Any CPU.Build.0 = Debug|Any CPU
		{6DFAE2E0-B8FD-49F6-8DE7-E58BB0FD8171}.Release|Any CPU.ActiveCfg = Release|Any CPU
		{6DFAE2E0-B8FD-49F6-8DE7-E58BB0FD8171}.Release|Any CPU.Build.0 = Release|Any CPU
		{BAB6E0CB-7660-4D08-823E-9DA8A0E07B0D}.Debug|Any CPU.ActiveCfg = Debug|Any CPU
		{BAB6E0CB-7660-4D08-823E-9DA8A0E07B0D}.Debug|Any CPU.Build.0 = Debug|Any CPU
		{BAB6E0CB-7660-4D08-823E-9DA8A0E07B0D}.Release|Any CPU.ActiveCfg = Release|Any CPU
		{BAB6E0CB-7660-4D08-823E-9DA8A0E07B0D}.Release|Any CPU.Build.0 = Release|Any CPU
	EndGlobalSection
	GlobalSection(SolutionProperties) = preSolution
		HideSolutionNode = FALSE
	EndGlobalSection
	GlobalSection(ExtensibilityGlobals) = postSolution
		SolutionGuid = {87C40E17-45F5-4BAA-B0CA-D194B2834691}
	EndGlobalSection
EndGlobal
